
Microsoft Visual Studio Solution File, Format Version 12.00
Project("{FAE04EC0-301F-11D3-BF4B-00C04F79EFBC}") = "Core", "Core\Core.csproj", "{7F0F37E9-ACAB-4486-8A8C-FF776DF14D44}"
EndProject
Project("{FAE04EC0-301F-11D3-BF4B-00C04F79EFBC}") = "PersonsApi", "PersonsApi\PersonsApi.csproj", "{D75E7670-9E63-4EC9-9C6B-D0077B746FC5}"
EndProject
Project("{FAE04EC0-301F-11D3-BF4B-00C04F79EFBC}") = "WeatherForecastApi", "WeatherForecastApi\WeatherForecastApi.csproj", "{8A1F3207-1115-444D-86C2-9EA003D4217D}"
EndProject
Project("{FAE04EC0-301F-11D3-BF4B-00C04F79EFBC}") = "CoreLibrary", "CoreLibrary\CoreLibrary.csproj", "{B1C180AB-8442-4F97-977F-D9D9CCA9480C}"
EndProject
Project("{FAE04EC0-301F-11D3-BF4B-00C04F79EFBC}") = "PokemonApi", "PokemonApi\PokemonApi.csproj", "{76DDF33D-1CC9-413B-B6C5-0C5AB641BC3F}"
EndProject
Project("{FAE04EC0-301F-11D3-BF4B-00C04F79EFBC}") = "StarWars", "StarWars\StarWars.csproj", "{0BA2E00C-A10D-4ECE-9D39-FA531386A7DC}"
EndProject
Project("{FAE04EC0-301F-11D3-BF4B-00C04F79EFBC}") = "ConsoleApp", "ConsoleApp\ConsoleApp.csproj", "{735DA425-9AF5-4998-A3C2-5229B63BB26F}"
EndProject
Global
	GlobalSection(SolutionConfigurationPlatforms) = preSolution
		Debug|Any CPU = Debug|Any CPU
		Release|Any CPU = Release|Any CPU
	EndGlobalSection
	GlobalSection(ProjectConfigurationPlatforms) = postSolution
		{7F0F37E9-ACAB-4486-8A8C-FF776DF14D44}.Debug|Any CPU.ActiveCfg = Debug|Any CPU
		{7F0F37E9-ACAB-4486-8A8C-FF776DF14D44}.Debug|Any CPU.Build.0 = Debug|Any CPU
		{7F0F37E9-ACAB-4486-8A8C-FF776DF14D44}.Release|Any CPU.ActiveCfg = Release|Any CPU
		{7F0F37E9-ACAB-4486-8A8C-FF776DF14D44}.Release|Any CPU.Build.0 = Release|Any CPU
		{D75E7670-9E63-4EC9-9C6B-D0077B746FC5}.Debug|Any CPU.ActiveCfg = Debug|Any CPU
		{D75E7670-9E63-4EC9-9C6B-D0077B746FC5}.Debug|Any CPU.Build.0 = Debug|Any CPU
		{D75E7670-9E63-4EC9-9C6B-D0077B746FC5}.Release|Any CPU.ActiveCfg = Release|Any CPU
		{D75E7670-9E63-4EC9-9C6B-D0077B746FC5}.Release|Any CPU.Build.0 = Release|Any CPU
		{8A1F3207-1115-444D-86C2-9EA003D4217D}.Debug|Any CPU.ActiveCfg = Debug|Any CPU
		{8A1F3207-1115-444D-86C2-9EA003D4217D}.Debug|Any CPU.Build.0 = Debug|Any CPU
		{8A1F3207-1115-444D-86C2-9EA003D4217D}.Release|Any CPU.ActiveCfg = Release|Any CPU
		{8A1F3207-1115-444D-86C2-9EA003D4217D}.Release|Any CPU.Build.0 = Release|Any CPU
		{B1C180AB-8442-4F97-977F-D9D9CCA9480C}.Debug|Any CPU.ActiveCfg = Debug|Any CPU
		{B1C180AB-8442-4F97-977F-D9D9CCA9480C}.Debug|Any CPU.Build.0 = Debug|Any CPU
		{B1C180AB-8442-4F97-977F-D9D9CCA9480C}.Release|Any CPU.ActiveCfg = Release|Any CPU
		{B1C180AB-8442-4F97-977F-D9D9CCA9480C}.Release|Any CPU.Build.0 = Release|Any CPU
		{76DDF33D-1CC9-413B-B6C5-0C5AB641BC3F}.Debug|Any CPU.ActiveCfg = Debug|Any CPU
		{76DDF33D-1CC9-413B-B6C5-0C5AB641BC3F}.Debug|Any CPU.Build.0 = Debug|Any CPU
		{76DDF33D-1CC9-413B-B6C5-0C5AB641BC3F}.Release|Any CPU.ActiveCfg = Release|Any CPU
		{76DDF33D-1CC9-413B-B6C5-0C5AB641BC3F}.Release|Any CPU.Build.0 = Release|Any CPU
		{0BA2E00C-A10D-4ECE-9D39-FA531386A7DC}.Debug|Any CPU.ActiveCfg = Debug|Any CPU
		{0BA2E00C-A10D-4ECE-9D39-FA531386A7DC}.Debug|Any CPU.Build.0 = Debug|Any CPU
		{0BA2E00C-A10D-4ECE-9D39-FA531386A7DC}.Release|Any CPU.ActiveCfg = Release|Any CPU
		{0BA2E00C-A10D-4ECE-9D39-FA531386A7DC}.Release|Any CPU.Build.0 = Release|Any CPU
		{735DA425-9AF5-4998-A3C2-5229B63BB26F}.Debug|Any CPU.ActiveCfg = Debug|Any CPU
		{735DA425-9AF5-4998-A3C2-5229B63BB26F}.Debug|Any CPU.Build.0 = Debug|Any CPU
		{735DA425-9AF5-4998-A3C2-5229B63BB26F}.Release|Any CPU.ActiveCfg = Release|Any CPU
		{735DA425-9AF5-4998-A3C2-5229B63BB26F}.Release|Any CPU.Build.0 = Release|Any CPU
	EndGlobalSection
EndGlobal
